
Microsoft Visual Studio Solution File, Format Version 12.00
# Visual Studio 2013
VisualStudioVersion = 12.0.21005.1
MinimumVisualStudioVersion = 10.0.40219.1
Project("{8BC9CEB8-8B4A-11D0-8D11-00A0C91BC942}") = "RxDefect", "RxDefect\RxDefect.vcxproj", "{9F154A98-735D-49D5-8686-188C65BD28DE}"
EndProject
Global
	GlobalSection(SolutionConfigurationPlatforms) = preSolution
		Debug|Win32 = Debug|Win32
		Release|Win32 = Release|Win32
	EndGlobalSection
	GlobalSection(ProjectConfigurationPlatforms) = postSolution
		{9F154A98-735D-49D5-8686-188C65BD28DE}.Debug|Win32.ActiveCfg = Debug|Win32
		{9F154A98-735D-49D5-8686-188C65BD28DE}.Debug|Win32.Build.0 = Debug|Win32
		{9F154A98-735D-49D5-8686-188C65BD28DE}.Release|Win32.ActiveCfg = Release|Win32
		{9F154A98-735D-49D5-8686-188C65BD28DE}.Release|Win32.Build.0 = Release|Win32
	EndGlobalSection
	GlobalSection(SolutionProperties) = preSolution
		HideSolutionNode = FALSE
	EndGlobalSection
EndGlobal
